
Microsoft Visual Studio Solution File, Format Version 12.00
# Visual Studio Version 16
VisualStudioVersion = 16.0.30717.126
MinimumVisualStudioVersion = 10.0.40219.1
Project("{9A19103F-16F7-4668-BE54-9A1E7A4F7556}") = "BookStore", "BookStore\BookStore.csproj", "{C0620D95-5F8B-425D-AC95-63F0D4CBBABA}"
EndProject
Global
	GlobalSection(SolutionConfigurationPlatforms) = preSolution
		Debug|Any CPU = Debug|Any CPU
		Release|Any CPU = Release|Any CPU
	EndGlobalSection
	GlobalSection(ProjectConfigurationPlatforms) = postSolution
		{C0620D95-5F8B-425D-AC95-63F0D4CBBABA}.Debug|Any CPU.ActiveCfg = Debug|Any CPU
		{C0620D95-5F8B-425D-AC95-63F0D4CBBABA}.Debug|Any CPU.Build.0 = Debug|Any CPU
		{C0620D95-5F8B-425D-AC95-63F0D4CBBABA}.Release|Any CPU.ActiveCfg = Release|Any CPU
		{C0620D95-5F8B-425D-AC95-63F0D4CBBABA}.Release|Any CPU.Build.0 = Release|Any CPU
	EndGlobalSection
	GlobalSection(SolutionProperties) = preSolution
		HideSolutionNode = FALSE
	EndGlobalSection
	GlobalSection(ExtensibilityGlobals) = postSolution
		SolutionGuid = {5AE08C7A-9EF9-4DB9-947B-C4FED98AC57B}
	EndGlobalSection
EndGlobal
